
Microsoft Visual Studio Solution File, Format Version 12.00
# Visual Studio Version 17
VisualStudioVersion = 17.0.31903.59
MinimumVisualStudioVersion = 10.0.40219.1
Project("{FAE04EC0-301F-11D3-BF4B-00C04F79EFBC}") = "PasLookupData.Api", "PasLookupData.Api\PasLookupData.Api.csproj", "{B8ABEB15-292A-4E9D-BD33-C4A83831AF47}"
EndProject
Global
	GlobalSection(SolutionConfigurationPlatforms) = preSolution
		Debug|Any CPU = Debug|Any CPU
		Release|Any CPU = Release|Any CPU
	EndGlobalSection
	GlobalSection(ProjectConfigurationPlatforms) = postSolution
		{B8ABEB15-292A-4E9D-BD33-C4A83831AF47}.Debug|Any CPU.ActiveCfg = Debug|Any CPU
		{B8ABEB15-292A-4E9D-BD33-C4A83831AF47}.Debug|Any CPU.Build.0 = Debug|Any CPU
		{B8ABEB15-292A-4E9D-BD33-C4A83831AF47}.Release|Any CPU.ActiveCfg = Release|Any CPU
		{B8ABEB15-292A-4E9D-BD33-C4A83831AF47}.Release|Any CPU.Build.0 = Release|Any CPU
	EndGlobalSection
	GlobalSection(SolutionProperties) = preSolution
		HideSolutionNode = FALSE
	EndGlobalSection
	GlobalSection(ExtensibilityGlobals) = postSolution
		SolutionGuid = {D4BA911B-12DB-43B8-8F50-2649F10A8D61}
	EndGlobalSection
EndGlobal
